
Microsoft Visual Studio Solution File, Format Version 12.00
# Visual Studio Version 16
VisualStudioVersion = 16.0.30907.101
MinimumVisualStudioVersion = 10.0.40219.1
Project("{FAE04EC0-301F-11D3-BF4B-00C04F79EFBC}") = "Z_Voice", "Z_Voice\Z_Voice.csproj", "{26800602-5CF7-40EF-A664-8C20241E9CD0}"
EndProject
Global
	GlobalSection(SolutionConfigurationPlatforms) = preSolution
		Debug|Any CPU = Debug|Any CPU
		Release|Any CPU = Release|Any CPU
	EndGlobalSection
	GlobalSection(ProjectConfigurationPlatforms) = postSolution
		{26800602-5CF7-40EF-A664-8C20241E9CD0}.Debug|Any CPU.ActiveCfg = Debug|Any CPU
		{26800602-5CF7-40EF-A664-8C20241E9CD0}.Debug|Any CPU.Build.0 = Debug|Any CPU
		{26800602-5CF7-40EF-A664-8C20241E9CD0}.Release|Any CPU.ActiveCfg = Release|Any CPU
		{26800602-5CF7-40EF-A664-8C20241E9CD0}.Release|Any CPU.Build.0 = Release|Any CPU
	EndGlobalSection
	GlobalSection(SolutionProperties) = preSolution
		HideSolutionNode = FALSE
	EndGlobalSection
	GlobalSection(ExtensibilityGlobals) = postSolution
		SolutionGuid = {60EA8082-CABF-4D6B-8E6F-398C67D29AC1}
	EndGlobalSection
EndGlobal
